
Microsoft Visual Studio Solution File, Format Version 12.00
# Visual Studio Version 17
VisualStudioVersion = 17.13.35919.96 d17.13
MinimumVisualStudioVersion = 10.0.40219.1
Project("{FAE04EC0-301F-11D3-BF4B-00C04F79EFBC}") = "ECBFinanceAPI", "src\ECBFinanceAPI\ECBFinanceAPI.csproj", "{FB0343F4-A7A6-4ED2-8F9D-F9161526C5FE}"
EndProject
Project("{2150E333-8FDC-42A3-9474-1A3956D46DE8}") = "src", "src", "{02EA681E-C7D8-13C7-8484-4AC65E1B71E8}"
EndProject
Project("{2150E333-8FDC-42A3-9474-1A3956D46DE8}") = "tests", "tests", "{3F62ACBE-46C1-4171-A3A0-2302D1E9173F}"
EndProject
Project("{FAE04EC0-301F-11D3-BF4B-00C04F79EFBC}") = "ECBFinanceAPI.UnitTests", "tests\ECBFinanceAPITests\ECBFinanceAPI.UnitTests.csproj", "{86E5DB12-A223-455F-96B0-86BD5202C6A5}"
EndProject
Project("{FAE04EC0-301F-11D3-BF4B-00C04F79EFBC}") = "ECBFinanceAPI.IntegrationTests", "tests\ECBFinanceAPI.IntegrationTests\ECBFinanceAPI.IntegrationTests.csproj", "{65953C77-F102-4DFC-8570-1C0545D0CFF8}"
EndProject
Project("{2150E333-8FDC-42A3-9474-1A3956D46DE8}") = "Solution Items", "Solution Items", "{F2ECFB2B-C7B3-47B1-89E9-249327FB2482}"
	ProjectSection(SolutionItems) = preProject
		.editorconfig = .editorconfig
	EndProjectSection
EndProject
Global
	GlobalSection(SolutionConfigurationPlatforms) = preSolution
		Debug|Any CPU = Debug|Any CPU
		Release|Any CPU = Release|Any CPU
	EndGlobalSection
	GlobalSection(ProjectConfigurationPlatforms) = postSolution
		{FB0343F4-A7A6-4ED2-8F9D-F9161526C5FE}.Debug|Any CPU.ActiveCfg = Debug|Any CPU
		{FB0343F4-A7A6-4ED2-8F9D-F9161526C5FE}.Debug|Any CPU.Build.0 = Debug|Any CPU
		{FB0343F4-A7A6-4ED2-8F9D-F9161526C5FE}.Release|Any CPU.ActiveCfg = Release|Any CPU
		{FB0343F4-A7A6-4ED2-8F9D-F9161526C5FE}.Release|Any CPU.Build.0 = Release|Any CPU
		{86E5DB12-A223-455F-96B0-86BD5202C6A5}.Debug|Any CPU.ActiveCfg = Debug|Any CPU
		{86E5DB12-A223-455F-96B0-86BD5202C6A5}.Debug|Any CPU.Build.0 = Debug|Any CPU
		{86E5DB12-A223-455F-96B0-86BD5202C6A5}.Release|Any CPU.ActiveCfg = Release|Any CPU
		{86E5DB12-A223-455F-96B0-86BD5202C6A5}.Release|Any CPU.Build.0 = Release|Any CPU
		{65953C77-F102-4DFC-8570-1C0545D0CFF8}.Debug|Any CPU.ActiveCfg = Debug|Any CPU
		{65953C77-F102-4DFC-8570-1C0545D0CFF8}.Debug|Any CPU.Build.0 = Debug|Any CPU
		{65953C77-F102-4DFC-8570-1C0545D0CFF8}.Release|Any CPU.ActiveCfg = Release|Any CPU
		{65953C77-F102-4DFC-8570-1C0545D0CFF8}.Release|Any CPU.Build.0 = Release|Any CPU
	EndGlobalSection
	GlobalSection(SolutionProperties) = preSolution
		HideSolutionNode = FALSE
	EndGlobalSection
	GlobalSection(NestedProjects) = preSolution
		{FB0343F4-A7A6-4ED2-8F9D-F9161526C5FE} = {02EA681E-C7D8-13C7-8484-4AC65E1B71E8}
		{86E5DB12-A223-455F-96B0-86BD5202C6A5} = {3F62ACBE-46C1-4171-A3A0-2302D1E9173F}
		{65953C77-F102-4DFC-8570-1C0545D0CFF8} = {3F62ACBE-46C1-4171-A3A0-2302D1E9173F}
	EndGlobalSection
	GlobalSection(ExtensibilityGlobals) = postSolution
		SolutionGuid = {13B57907-8C2F-4971-87BD-AF2880655435}
	EndGlobalSection
EndGlobal
